
Microsoft Visual Studio Solution File, Format Version 12.00
# Visual Studio 2013
VisualStudioVersion = 12.0.21005.1
MinimumVisualStudioVersion = 10.0.40219.1
Project("{FAE04EC0-301F-11D3-BF4B-00C04F79EFBC}") = "CS487-488-2016-StockEmulator-v4", "CS487-488-2016-StockEmulator-v4\CS487-488-2016-StockEmulator-v4\CS487-488-2016-StockEmulator-v4.csproj", "{D6488FF3-A823-4196-B142-E300CEA59548}"
EndProject
Project("{FAE04EC0-301F-11D3-BF4B-00C04F79EFBC}") = "CS487-488-2016-StockEmulator-v4.Droid", "CS487-488-2016-StockEmulator-v4\CS487-488-2016-StockEmulator-v4.Droid\CS487-488-2016-StockEmulator-v4.Droid.csproj", "{6B133070-95A5-4D09-981D-F6D6A9EEDDA3}"
EndProject
Project("{FAE04EC0-301F-11D3-BF4B-00C04F79EFBC}") = "CS487-488-2016-StockEmulator-v4.iOS", "CS487-488-2016-StockEmulator-v4\CS487-488-2016-StockEmulator-v4.iOS\CS487-488-2016-StockEmulator-v4.iOS.csproj", "{217BBCE0-EE4D-4693-977A-511921E8287A}"
EndProject
Project("{FAE04EC0-301F-11D3-BF4B-00C04F79EFBC}") = "CS487-488-2016-StockEmulator-v4.Windows", "CS487-488-2016-StockEmulator-v4\CS487-488-2016-StockEmulator-v4.Windows\CS487-488-2016-StockEmulator-v4.Windows.csproj", "{7C201E3F-8B35-4932-8D82-C45D4780B528}"
EndProject
Global
	GlobalSection(SolutionConfigurationPlatforms) = preSolution
		Ad-Hoc|Any CPU = Ad-Hoc|Any CPU
		Ad-Hoc|ARM = Ad-Hoc|ARM
		Ad-Hoc|iPhone = Ad-Hoc|iPhone
		Ad-Hoc|iPhoneSimulator = Ad-Hoc|iPhoneSimulator
		Ad-Hoc|Mixed Platforms = Ad-Hoc|Mixed Platforms
		Ad-Hoc|x64 = Ad-Hoc|x64
		Ad-Hoc|x86 = Ad-Hoc|x86
		AppStore|Any CPU = AppStore|Any CPU
		AppStore|ARM = AppStore|ARM
		AppStore|iPhone = AppStore|iPhone
		AppStore|iPhoneSimulator = AppStore|iPhoneSimulator
		AppStore|Mixed Platforms = AppStore|Mixed Platforms
		AppStore|x64 = AppStore|x64
		AppStore|x86 = AppStore|x86
		Debug|Any CPU = Debug|Any CPU
		Debug|ARM = Debug|ARM
		Debug|iPhone = Debug|iPhone
		Debug|iPhoneSimulator = Debug|iPhoneSimulator
		Debug|Mixed Platforms = Debug|Mixed Platforms
		Debug|x64 = Debug|x64
		Debug|x86 = Debug|x86
		Release|Any CPU = Release|Any CPU
		Release|ARM = Release|ARM
		Release|iPhone = Release|iPhone
		Release|iPhoneSimulator = Release|iPhoneSimulator
		Release|Mixed Platforms = Release|Mixed Platforms
		Release|x64 = Release|x64
		Release|x86 = Release|x86
	EndGlobalSection
	GlobalSection(ProjectConfigurationPlatforms) = postSolution
		{D6488FF3-A823-4196-B142-E300CEA59548}.Ad-Hoc|Any CPU.ActiveCfg = Release|Any CPU
		{D6488FF3-A823-4196-B142-E300CEA59548}.Ad-Hoc|Any CPU.Build.0 = Release|Any CPU
		{D6488FF3-A823-4196-B142-E300CEA59548}.Ad-Hoc|ARM.ActiveCfg = Release|Any CPU
		{D6488FF3-A823-4196-B142-E300CEA59548}.Ad-Hoc|iPhone.ActiveCfg = Release|Any CPU
		{D6488FF3-A823-4196-B142-E300CEA59548}.Ad-Hoc|iPhoneSimulator.ActiveCfg = Release|Any CPU
		{D6488FF3-A823-4196-B142-E300CEA59548}.Ad-Hoc|Mixed Platforms.ActiveCfg = Release|Any CPU
		{D6488FF3-A823-4196-B142-E300CEA59548}.Ad-Hoc|Mixed Platforms.Build.0 = Release|Any CPU
		{D6488FF3-A823-4196-B142-E300CEA59548}.Ad-Hoc|x64.ActiveCfg = Release|Any CPU
		{D6488FF3-A823-4196-B142-E300CEA59548}.Ad-Hoc|x86.ActiveCfg = Release|Any CPU
		{D6488FF3-A823-4196-B142-E300CEA59548}.AppStore|Any CPU.ActiveCfg = Release|Any CPU
		{D6488FF3-A823-4196-B142-E300CEA59548}.AppStore|Any CPU.Build.0 = Release|Any CPU
		{D6488FF3-A823-4196-B142-E300CEA59548}.AppStore|ARM.ActiveCfg = Release|Any CPU
		{D6488FF3-A823-4196-B142-E300CEA59548}.AppStore|iPhone.ActiveCfg = Release|Any CPU
		{D6488FF3-A823-4196-B142-E300CEA59548}.AppStore|iPhoneSimulator.ActiveCfg = Release|Any CPU
		{D6488FF3-A823-4196-B142-E300CEA59548}.AppStore|Mixed Platforms.ActiveCfg = Release|Any CPU
		{D6488FF3-A823-4196-B142-E300CEA59548}.AppStore|Mixed Platforms.Build.0 = Release|Any CPU
		{D6488FF3-A823-4196-B142-E300CEA59548}.AppStore|x64.ActiveCfg = Release|Any CPU
		{D6488FF3-A823-4196-B142-E300CEA59548}.AppStore|x86.ActiveCfg = Release|Any CPU
		{D6488FF3-A823-4196-B142-E300CEA59548}.Debug|Any CPU.ActiveCfg = Debug|Any CPU
		{D6488FF3-A823-4196-B142-E300CEA59548}.Debug|Any CPU.Build.0 = Debug|Any CPU
		{D6488FF3-A823-4196-B142-E300CEA59548}.Debug|ARM.ActiveCfg = Debug|Any CPU
		{D6488FF3-A823-4196-B142-E300CEA59548}.Debug|iPhone.ActiveCfg = Debug|Any CPU
		{D6488FF3-A823-4196-B142-E300CEA59548}.Debug|iPhoneSimulator.ActiveCfg = Debug|Any CPU
		{D6488FF3-A823-4196-B142-E300CEA59548}.Debug|Mixed Platforms.ActiveCfg = Debug|Any CPU
		{D6488FF3-A823-4196-B142-E300CEA59548}.Debug|Mixed Platforms.Build.0 = Debug|Any CPU
		{D6488FF3-A823-4196-B142-E300CEA59548}.Debug|x64.ActiveCfg = Debug|Any CPU
		{D6488FF3-A823-4196-B142-E300CEA59548}.Debug|x86.ActiveCfg = Debug|Any CPU
		{D6488FF3-A823-4196-B142-E300CEA59548}.Release|Any CPU.ActiveCfg = Release|Any CPU
		{D6488FF3-A823-4196-B142-E300CEA59548}.Release|Any CPU.Build.0 = Release|Any CPU
		{D6488FF3-A823-4196-B142-E300CEA59548}.Release|ARM.ActiveCfg = Release|Any CPU
		{D6488FF3-A823-4196-B142-E300CEA59548}.Release|iPhone.ActiveCfg = Release|Any CPU
		{D6488FF3-A823-4196-B142-E300CEA59548}.Release|iPhoneSimulator.ActiveCfg = Release|Any CPU
		{D6488FF3-A823-4196-B142-E300CEA59548}.Release|Mixed Platforms.ActiveCfg = Release|Any CPU
		{D6488FF3-A823-4196-B142-E300CEA59548}.Release|Mixed Platforms.Build.0 = Release|Any CPU
		{D6488FF3-A823-4196-B142-E300CEA59548}.Release|x64.ActiveCfg = Release|Any CPU
		{D6488FF3-A823-4196-B142-E300CEA59548}.Release|x86.ActiveCfg = Release|Any CPU
		{6B133070-95A5-4D09-981D-F6D6A9EEDDA3}.Ad-Hoc|Any CPU.ActiveCfg = Release|Any CPU
		{6B133070-95A5-4D09-981D-F6D6A9EEDDA3}.Ad-Hoc|Any CPU.Build.0 = Release|Any CPU
		{6B133070-95A5-4D09-981D-F6D6A9EEDDA3}.Ad-Hoc|Any CPU.Deploy.0 = Release|Any CPU
		{6B133070-95A5-4D09-981D-F6D6A9EEDDA3}.Ad-Hoc|ARM.ActiveCfg = Release|Any CPU
		{6B133070-95A5-4D09-981D-F6D6A9EEDDA3}.Ad-Hoc|iPhone.ActiveCfg = Release|Any CPU
		{6B133070-95A5-4D09-981D-F6D6A9EEDDA3}.Ad-Hoc|iPhoneSimulator.ActiveCfg = Release|Any CPU
		{6B133070-95A5-4D09-981D-F6D6A9EEDDA3}.Ad-Hoc|Mixed Platforms.ActiveCfg = Release|Any CPU
		{6B133070-95A5-4D09-981D-F6D6A9EEDDA3}.Ad-Hoc|Mixed Platforms.Build.0 = Release|Any CPU
		{6B133070-95A5-4D09-981D-F6D6A9EEDDA3}.Ad-Hoc|Mixed Platforms.Deploy.0 = Release|Any CPU
		{6B133070-95A5-4D09-981D-F6D6A9EEDDA3}.Ad-Hoc|x64.ActiveCfg = Release|Any CPU
		{6B133070-95A5-4D09-981D-F6D6A9EEDDA3}.Ad-Hoc|x86.ActiveCfg = Release|Any CPU
		{6B133070-95A5-4D09-981D-F6D6A9EEDDA3}.AppStore|Any CPU.ActiveCfg = Release|Any CPU
		{6B133070-95A5-4D09-981D-F6D6A9EEDDA3}.AppStore|Any CPU.Build.0 = Release|Any CPU
		{6B133070-95A5-4D09-981D-F6D6A9EEDDA3}.AppStore|Any CPU.Deploy.0 = Release|Any CPU
		{6B133070-95A5-4D09-981D-F6D6A9EEDDA3}.AppStore|ARM.ActiveCfg = Release|Any CPU
		{6B133070-95A5-4D09-981D-F6D6A9EEDDA3}.AppStore|iPhone.ActiveCfg = Release|Any CPU
		{6B133070-95A5-4D09-981D-F6D6A9EEDDA3}.AppStore|iPhoneSimulator.ActiveCfg = Release|Any CPU
		{6B133070-95A5-4D09-981D-F6D6A9EEDDA3}.AppStore|Mixed Platforms.ActiveCfg = Release|Any CPU
		{6B133070-95A5-4D09-981D-F6D6A9EEDDA3}.AppStore|Mixed Platforms.Build.0 = Release|Any CPU
		{6B133070-95A5-4D09-981D-F6D6A9EEDDA3}.AppStore|Mixed Platforms.Deploy.0 = Release|Any CPU
		{6B133070-95A5-4D09-981D-F6D6A9EEDDA3}.AppStore|x64.ActiveCfg = Release|Any CPU
		{6B133070-95A5-4D09-981D-F6D6A9EEDDA3}.AppStore|x86.ActiveCfg = Release|Any CPU
		{6B133070-95A5-4D09-981D-F6D6A9EEDDA3}.Debug|Any CPU.ActiveCfg = Debug|Any CPU
		{6B133070-95A5-4D09-981D-F6D6A9EEDDA3}.Debug|Any CPU.Build.0 = Debug|Any CPU
		{6B133070-95A5-4D09-981D-F6D6A9EEDDA3}.Debug|Any CPU.Deploy.0 = Debug|Any CPU
		{6B133070-95A5-4D09-981D-F6D6A9EEDDA3}.Debug|ARM.ActiveCfg = Debug|Any CPU
		{6B133070-95A5-4D09-981D-F6D6A9EEDDA3}.Debug|iPhone.ActiveCfg = Debug|Any CPU
		{6B133070-95A5-4D09-981D-F6D6A9EEDDA3}.Debug|iPhoneSimulator.ActiveCfg = Debug|Any CPU
		{6B133070-95A5-4D09-981D-F6D6A9EEDDA3}.Debug|Mixed Platforms.ActiveCfg = Debug|Any CPU
		{6B133070-95A5-4D09-981D-F6D6A9EEDDA3}.Debug|Mixed Platforms.Build.0 = Debug|Any CPU
		{6B133070-95A5-4D09-981D-F6D6A9EEDDA3}.Debug|Mixed Platforms.Deploy.0 = Debug|Any CPU
		{6B133070-95A5-4D09-981D-F6D6A9EEDDA3}.Debug|x64.ActiveCfg = Debug|Any CPU
		{6B133070-95A5-4D09-981D-F6D6A9EEDDA3}.Debug|x86.ActiveCfg = Debug|Any CPU
		{6B133070-95A5-4D09-981D-F6D6A9EEDDA3}.Release|Any CPU.ActiveCfg = Release|Any CPU
		{6B133070-95A5-4D09-981D-F6D6A9EEDDA3}.Release|Any CPU.Build.0 = Release|Any CPU
		{6B133070-95A5-4D09-981D-F6D6A9EEDDA3}.Release|Any CPU.Deploy.0 = Release|Any CPU
		{6B133070-95A5-4D09-981D-F6D6A9EEDDA3}.Release|ARM.ActiveCfg = Release|Any CPU
		{6B133070-95A5-4D09-981D-F6D6A9EEDDA3}.Release|iPhone.ActiveCfg = Release|Any CPU
		{6B133070-95A5-4D09-981D-F6D6A9EEDDA3}.Release|iPhoneSimulator.ActiveCfg = Release|Any CPU
		{6B133070-95A5-4D09-981D-F6D6A9EEDDA3}.Release|Mixed Platforms.ActiveCfg = Release|Any CPU
		{6B133070-95A5-4D09-981D-F6D6A9EEDDA3}.Release|Mixed Platforms.Build.0 = Release|Any CPU
		{6B133070-95A5-4D09-981D-F6D6A9EEDDA3}.Release|Mixed Platforms.Deploy.0 = Release|Any CPU
		{6B133070-95A5-4D09-981D-F6D6A9EEDDA3}.Release|x64.ActiveCfg = Release|Any CPU
		{6B133070-95A5-4D09-981D-F6D6A9EEDDA3}.Release|x86.ActiveCfg = Release|Any CPU
		{217BBCE0-EE4D-4693-977A-511921E8287A}.Ad-Hoc|Any CPU.ActiveCfg = Ad-Hoc|iPhone
		{217BBCE0-EE4D-4693-977A-511921E8287A}.Ad-Hoc|ARM.ActiveCfg = Ad-Hoc|iPhone
		{217BBCE0-EE4D-4693-977A-511921E8287A}.Ad-Hoc|iPhone.ActiveCfg = Ad-Hoc|iPhone
		{217BBCE0-EE4D-4693-977A-511921E8287A}.Ad-Hoc|iPhone.Build.0 = Ad-Hoc|iPhone
		{217BBCE0-EE4D-4693-977A-511921E8287A}.Ad-Hoc|iPhoneSimulator.ActiveCfg = Ad-Hoc|iPhoneSimulator
		{217BBCE0-EE4D-4693-977A-511921E8287A}.Ad-Hoc|iPhoneSimulator.Build.0 = Ad-Hoc|iPhoneSimulator
		{217BBCE0-EE4D-4693-977A-511921E8287A}.Ad-Hoc|Mixed Platforms.ActiveCfg = Ad-Hoc|iPhone
		{217BBCE0-EE4D-4693-977A-511921E8287A}.Ad-Hoc|Mixed Platforms.Build.0 = Ad-Hoc|iPhone
		{217BBCE0-EE4D-4693-977A-511921E8287A}.Ad-Hoc|x64.ActiveCfg = Ad-Hoc|iPhone
		{217BBCE0-EE4D-4693-977A-511921E8287A}.Ad-Hoc|x86.ActiveCfg = Ad-Hoc|iPhone
		{217BBCE0-EE4D-4693-977A-511921E8287A}.AppStore|Any CPU.ActiveCfg = AppStore|iPhone
		{217BBCE0-EE4D-4693-977A-511921E8287A}.AppStore|ARM.ActiveCfg = AppStore|iPhone
		{217BBCE0-EE4D-4693-977A-511921E8287A}.AppStore|iPhone.ActiveCfg = AppStore|iPhone
		{217BBCE0-EE4D-4693-977A-511921E8287A}.AppStore|iPhone.Build.0 = AppStore|iPhone
		{217BBCE0-EE4D-4693-977A-511921E8287A}.AppStore|iPhoneSimulator.ActiveCfg = AppStore|iPhoneSimulator
		{217BBCE0-EE4D-4693-977A-511921E8287A}.AppStore|iPhoneSimulator.Build.0 = AppStore|iPhoneSimulator
		{217BBCE0-EE4D-4693-977A-511921E8287A}.AppStore|Mixed Platforms.ActiveCfg = AppStore|iPhone
		{217BBCE0-EE4D-4693-977A-511921E8287A}.AppStore|Mixed Platforms.Build.0 = AppStore|iPhone
		{217BBCE0-EE4D-4693-977A-511921E8287A}.AppStore|x64.ActiveCfg = AppStore|iPhone
		{217BBCE0-EE4D-4693-977A-511921E8287A}.AppStore|x86.ActiveCfg = AppStore|iPhone
		{217BBCE0-EE4D-4693-977A-511921E8287A}.Debug|Any CPU.ActiveCfg = Debug|iPhone
		{217BBCE0-EE4D-4693-977A-511921E8287A}.Debug|ARM.ActiveCfg = Debug|iPhone
		{217BBCE0-EE4D-4693-977A-511921E8287A}.Debug|iPhone.ActiveCfg = Debug|iPhone
		{217BBCE0-EE4D-4693-977A-511921E8287A}.Debug|iPhone.Build.0 = Debug|iPhone
		{217BBCE0-EE4D-4693-977A-511921E8287A}.Debug|iPhoneSimulator.ActiveCfg = Debug|iPhoneSimulator
		{217BBCE0-EE4D-4693-977A-511921E8287A}.Debug|iPhoneSimulator.Build.0 = Debug|iPhoneSimulator
		{217BBCE0-EE4D-4693-977A-511921E8287A}.Debug|Mixed Platforms.ActiveCfg = Debug|iPhone
		{217BBCE0-EE4D-4693-977A-511921E8287A}.Debug|Mixed Platforms.Build.0 = Debug|iPhone
		{217BBCE0-EE4D-4693-977A-511921E8287A}.Debug|x64.ActiveCfg = Debug|iPhone
		{217BBCE0-EE4D-4693-977A-511921E8287A}.Debug|x86.ActiveCfg = Debug|iPhone
		{217BBCE0-EE4D-4693-977A-511921E8287A}.Release|Any CPU.ActiveCfg = Release|iPhone
		{217BBCE0-EE4D-4693-977A-511921E8287A}.Release|ARM.ActiveCfg = Release|iPhone
		{217BBCE0-EE4D-4693-977A-511921E8287A}.Release|iPhone.ActiveCfg = Release|iPhone
		{217BBCE0-EE4D-4693-977A-511921E8287A}.Release|iPhone.Build.0 = Release|iPhone
		{217BBCE0-EE4D-4693-977A-511921E8287A}.Release|iPhoneSimulator.ActiveCfg = Release|iPhoneSimulator
		{217BBCE0-EE4D-4693-977A-511921E8287A}.Release|iPhoneSimulator.Build.0 = Release|iPhoneSimulator
		{217BBCE0-EE4D-4693-977A-511921E8287A}.Release|Mixed Platforms.ActiveCfg = Release|iPhone
		{217BBCE0-EE4D-4693-977A-511921E8287A}.Release|Mixed Platforms.Build.0 = Release|iPhone
		{217BBCE0-EE4D-4693-977A-511921E8287A}.Release|x64.ActiveCfg = Release|iPhone
		{217BBCE0-EE4D-4693-977A-511921E8287A}.Release|x86.ActiveCfg = Release|iPhone
		{7C201E3F-8B35-4932-8D82-C45D4780B528}.Ad-Hoc|Any CPU.ActiveCfg = Release|Any CPU
		{7C201E3F-8B35-4932-8D82-C45D4780B528}.Ad-Hoc|Any CPU.Build.0 = Release|Any CPU
		{7C201E3F-8B35-4932-8D82-C45D4780B528}.Ad-Hoc|Any CPU.Deploy.0 = Release|Any CPU
		{7C201E3F-8B35-4932-8D82-C45D4780B528}.Ad-Hoc|ARM.ActiveCfg = Release|ARM
		{7C201E3F-8B35-4932-8D82-C45D4780B528}.Ad-Hoc|ARM.Build.0 = Release|ARM
		{7C201E3F-8B35-4932-8D82-C45D4780B528}.Ad-Hoc|ARM.Deploy.0 = Release|ARM
		{7C201E3F-8B35-4932-8D82-C45D4780B528}.Ad-Hoc|iPhone.ActiveCfg = Release|Any CPU
		{7C201E3F-8B35-4932-8D82-C45D4780B528}.Ad-Hoc|iPhoneSimulator.ActiveCfg = Release|Any CPU
		{7C201E3F-8B35-4932-8D82-C45D4780B528}.Ad-Hoc|Mixed Platforms.ActiveCfg = Release|x86
		{7C201E3F-8B35-4932-8D82-C45D4780B528}.Ad-Hoc|Mixed Platforms.Build.0 = Release|x86
		{7C201E3F-8B35-4932-8D82-C45D4780B528}.Ad-Hoc|Mixed Platforms.Deploy.0 = Release|x86
		{7C201E3F-8B35-4932-8D82-C45D4780B528}.Ad-Hoc|x64.ActiveCfg = Release|x64
		{7C201E3F-8B35-4932-8D82-C45D4780B528}.Ad-Hoc|x64.Build.0 = Release|x64
		{7C201E3F-8B35-4932-8D82-C45D4780B528}.Ad-Hoc|x64.Deploy.0 = Release|x64
		{7C201E3F-8B35-4932-8D82-C45D4780B528}.Ad-Hoc|x86.ActiveCfg = Release|x86
		{7C201E3F-8B35-4932-8D82-C45D4780B528}.Ad-Hoc|x86.Build.0 = Release|x86
		{7C201E3F-8B35-4932-8D82-C45D4780B528}.Ad-Hoc|x86.Deploy.0 = Release|x86
		{7C201E3F-8B35-4932-8D82-C45D4780B528}.AppStore|Any CPU.ActiveCfg = Release|Any CPU
		{7C201E3F-8B35-4932-8D82-C45D4780B528}.AppStore|Any CPU.Build.0 = Release|Any CPU
		{7C201E3F-8B35-4932-8D82-C45D4780B528}.AppStore|Any CPU.Deploy.0 = Release|Any CPU
		{7C201E3F-8B35-4932-8D82-C45D4780B528}.AppStore|ARM.ActiveCfg = Release|ARM
		{7C201E3F-8B35-4932-8D82-C45D4780B528}.AppStore|ARM.Build.0 = Release|ARM
		{7C201E3F-8B35-4932-8D82-C45D4780B528}.AppStore|ARM.Deploy.0 = Release|ARM
		{7C201E3F-8B35-4932-8D82-C45D4780B528}.AppStore|iPhone.ActiveCfg = Release|Any CPU
		{7C201E3F-8B35-4932-8D82-C45D4780B528}.AppStore|iPhoneSimulator.ActiveCfg = Release|Any CPU
		{7C201E3F-8B35-4932-8D82-C45D4780B528}.AppStore|Mixed Platforms.ActiveCfg = Release|x86
		{7C201E3F-8B35-4932-8D82-C45D4780B528}.AppStore|Mixed Platforms.Build.0 = Release|x86
		{7C201E3F-8B35-4932-8D82-C45D4780B528}.AppStore|Mixed Platforms.Deploy.0 = Release|x86
		{7C201E3F-8B35-4932-8D82-C45D4780B528}.AppStore|x64.ActiveCfg = Release|x64
		{7C201E3F-8B35-4932-8D82-C45D4780B528}.AppStore|x64.Build.0 = Release|x64
		{7C201E3F-8B35-4932-8D82-C45D4780B528}.AppStore|x64.Deploy.0 = Release|x64
		{7C201E3F-8B35-4932-8D82-C45D4780B528}.AppStore|x86.ActiveCfg = Release|x86
		{7C201E3F-8B35-4932-8D82-C45D4780B528}.AppStore|x86.Build.0 = Release|x86
		{7C201E3F-8B35-4932-8D82-C45D4780B528}.AppStore|x86.Deploy.0 = Release|x86
		{7C201E3F-8B35-4932-8D82-C45D4780B528}.Debug|Any CPU.ActiveCfg = Debug|Any CPU
		{7C201E3F-8B35-4932-8D82-C45D4780B528}.Debug|Any CPU.Build.0 = Debug|Any CPU
		{7C201E3F-8B35-4932-8D82-C45D4780B528}.Debug|Any CPU.Deploy.0 = Debug|Any CPU
		{7C201E3F-8B35-4932-8D82-C45D4780B528}.Debug|ARM.ActiveCfg = Debug|ARM
		{7C201E3F-8B35-4932-8D82-C45D4780B528}.Debug|ARM.Build.0 = Debug|ARM
		{7C201E3F-8B35-4932-8D82-C45D4780B528}.Debug|ARM.Deploy.0 = Debug|ARM
		{7C201E3F-8B35-4932-8D82-C45D4780B528}.Debug|iPhone.ActiveCfg = Debug|Any CPU
		{7C201E3F-8B35-4932-8D82-C45D4780B528}.Debug|iPhoneSimulator.ActiveCfg = Debug|Any CPU
		{7C201E3F-8B35-4932-8D82-C45D4780B528}.Debug|Mixed Platforms.ActiveCfg = Debug|x86
		{7C201E3F-8B35-4932-8D82-C45D4780B528}.Debug|Mixed Platforms.Build.0 = Debug|x86
		{7C201E3F-8B35-4932-8D82-C45D4780B528}.Debug|Mixed Platforms.Deploy.0 = Debug|x86
		{7C201E3F-8B35-4932-8D82-C45D4780B528}.Debug|x64.ActiveCfg = Debug|x64
		{7C201E3F-8B35-4932-8D82-C45D4780B528}.Debug|x64.Build.0 = Debug|x64
		{7C201E3F-8B35-4932-8D82-C45D4780B528}.Debug|x64.Deploy.0 = Debug|x64
		{7C201E3F-8B35-4932-8D82-C45D4780B528}.Debug|x86.ActiveCfg = Debug|x86
		{7C201E3F-8B35-4932-8D82-C45D4780B528}.Debug|x86.Build.0 = Debug|x86
		{7C201E3F-8B35-4932-8D82-C45D4780B528}.Debug|x86.Deploy.0 = Debug|x86
		{7C201E3F-8B35-4932-8D82-C45D4780B528}.Release|Any CPU.ActiveCfg = Release|Any CPU
		{7C201E3F-8B35-4932-8D82-C45D4780B528}.Release|Any CPU.Build.0 = Release|Any CPU
		{7C201E3F-8B35-4932-8D82-C45D4780B528}.Release|Any CPU.Deploy.0 = Release|Any CPU
		{7C201E3F-8B35-4932-8D82-C45D4780B528}.Release|ARM.ActiveCfg = Release|ARM
		{7C201E3F-8B35-4932-8D82-C45D4780B528}.Release|ARM.Build.0 = Release|ARM
		{7C201E3F-8B35-4932-8D82-C45D4780B528}.Release|ARM.Deploy.0 = Release|ARM
		{7C201E3F-8B35-4932-8D82-C45D4780B528}.Release|iPhone.ActiveCfg = Release|Any CPU
		{7C201E3F-8B35-4932-8D82-C45D4780B528}.Release|iPhoneSimulator.ActiveCfg = Release|Any CPU
		{7C201E3F-8B35-4932-8D82-C45D4780B528}.Release|Mixed Platforms.ActiveCfg = Release|x86
		{7C201E3F-8B35-4932-8D82-C45D4780B528}.Release|Mixed Platforms.Build.0 = Release|x86
		{7C201E3F-8B35-4932-8D82-C45D4780B528}.Release|Mixed Platforms.Deploy.0 = Release|x86
		{7C201E3F-8B35-4932-8D82-C45D4780B528}.Release|x64.ActiveCfg = Release|x64
		{7C201E3F-8B35-4932-8D82-C45D4780B528}.Release|x64.Build.0 = Release|x64
		{7C201E3F-8B35-4932-8D82-C45D4780B528}.Release|x64.Deploy.0 = Release|x64
		{7C201E3F-8B35-4932-8D82-C45D4780B528}.Release|x86.ActiveCfg = Release|x86
		{7C201E3F-8B35-4932-8D82-C45D4780B528}.Release|x86.Build.0 = Release|x86
		{7C201E3F-8B35-4932-8D82-C45D4780B528}.Release|x86.Deploy.0 = Release|x86
	EndGlobalSection
	GlobalSection(SolutionProperties) = preSolution
		HideSolutionNode = FALSE
	EndGlobalSection
EndGlobal
